
Microsoft Visual Studio Solution File, Format Version 12.00
# Visual Studio Version 16
VisualStudioVersion = 16.0.30804.86
MinimumVisualStudioVersion = 10.0.40219.1
Project("{9A19103F-16F7-4668-BE54-9A1E7A4F7556}") = "StudentCourses.Web", "StudentCourses.Web\StudentCourses.Web.csproj", "{3E3BC5C5-88E2-4BC4-B755-4765FE9896F1}"
EndProject
Project("{9A19103F-16F7-4668-BE54-9A1E7A4F7556}") = "StudentCourses.Common", "StudentCourses.Data\StudentCourses.Common.csproj", "{4B22D4EB-BDD4-42FE-8570-A6CDC7F75292}"
EndProject
Project("{9A19103F-16F7-4668-BE54-9A1E7A4F7556}") = "StudentCourses.Domain", "StudentCourses.Entities\StudentCourses.Domain.csproj", "{5F9A6275-D948-45DA-89D6-E0D7D3B871D8}"
EndProject
Project("{9A19103F-16F7-4668-BE54-9A1E7A4F7556}") = "StudentCourse.Infrastructure", "StudentCourse.Infrastructure\StudentCourse.Infrastructure.csproj", "{7D474DD9-E70B-468B-BE04-91EEBCDAC18D}"
EndProject
Project("{FAE04EC0-301F-11D3-BF4B-00C04F79EFBC}") = "StudentCourses.Tests", "StudentCourses.Tests\StudentCourses.Tests.csproj", "{0AD14329-ECC1-4644-B2FE-695080E49F4D}"
EndProject
Global
	GlobalSection(SolutionConfigurationPlatforms) = preSolution
		Debug|Any CPU = Debug|Any CPU
		Release|Any CPU = Release|Any CPU
	EndGlobalSection
	GlobalSection(ProjectConfigurationPlatforms) = postSolution
		{3E3BC5C5-88E2-4BC4-B755-4765FE9896F1}.Debug|Any CPU.ActiveCfg = Debug|Any CPU
		{3E3BC5C5-88E2-4BC4-B755-4765FE9896F1}.Debug|Any CPU.Build.0 = Debug|Any CPU
		{3E3BC5C5-88E2-4BC4-B755-4765FE9896F1}.Release|Any CPU.ActiveCfg = Release|Any CPU
		{3E3BC5C5-88E2-4BC4-B755-4765FE9896F1}.Release|Any CPU.Build.0 = Release|Any CPU
		{4B22D4EB-BDD4-42FE-8570-A6CDC7F75292}.Debug|Any CPU.ActiveCfg = Debug|Any CPU
		{4B22D4EB-BDD4-42FE-8570-A6CDC7F75292}.Debug|Any CPU.Build.0 = Debug|Any CPU
		{4B22D4EB-BDD4-42FE-8570-A6CDC7F75292}.Release|Any CPU.ActiveCfg = Release|Any CPU
		{4B22D4EB-BDD4-42FE-8570-A6CDC7F75292}.Release|Any CPU.Build.0 = Release|Any CPU
		{5F9A6275-D948-45DA-89D6-E0D7D3B871D8}.Debug|Any CPU.ActiveCfg = Debug|Any CPU
		{5F9A6275-D948-45DA-89D6-E0D7D3B871D8}.Debug|Any CPU.Build.0 = Debug|Any CPU
		{5F9A6275-D948-45DA-89D6-E0D7D3B871D8}.Release|Any CPU.ActiveCfg = Release|Any CPU
		{5F9A6275-D948-45DA-89D6-E0D7D3B871D8}.Release|Any CPU.Build.0 = Release|Any CPU
		{7D474DD9-E70B-468B-BE04-91EEBCDAC18D}.Debug|Any CPU.ActiveCfg = Debug|Any CPU
		{7D474DD9-E70B-468B-BE04-91EEBCDAC18D}.Debug|Any CPU.Build.0 = Debug|Any CPU
		{7D474DD9-E70B-468B-BE04-91EEBCDAC18D}.Release|Any CPU.ActiveCfg = Release|Any CPU
		{7D474DD9-E70B-468B-BE04-91EEBCDAC18D}.Release|Any CPU.Build.0 = Release|Any CPU
		{0AD14329-ECC1-4644-B2FE-695080E49F4D}.Debug|Any CPU.ActiveCfg = Debug|Any CPU
		{0AD14329-ECC1-4644-B2FE-695080E49F4D}.Debug|Any CPU.Build.0 = Debug|Any CPU
		{0AD14329-ECC1-4644-B2FE-695080E49F4D}.Release|Any CPU.ActiveCfg = Release|Any CPU
		{0AD14329-ECC1-4644-B2FE-695080E49F4D}.Release|Any CPU.Build.0 = Release|Any CPU
	EndGlobalSection
	GlobalSection(SolutionProperties) = preSolution
		HideSolutionNode = FALSE
	EndGlobalSection
	GlobalSection(ExtensibilityGlobals) = postSolution
		SolutionGuid = {3CFA2C86-8180-4166-A46E-71877D2460CB}
	EndGlobalSection
EndGlobal
