
Microsoft Visual Studio Solution File, Format Version 12.00
# Visual Studio Version 16
VisualStudioVersion = 16.0.30804.86
MinimumVisualStudioVersion = 10.0.40219.1
Project("{FAE04EC0-301F-11D3-BF4B-00C04F79EFBC}") = "StudentCourses", "StudentCourses.csproj", "{C3B9F5DA-7325-4B68-AAB7-87BAAE4F0747}"
EndProject
Global
	GlobalSection(SolutionConfigurationPlatforms) = preSolution
		Debug|Any CPU = Debug|Any CPU
		Release|Any CPU = Release|Any CPU
	EndGlobalSection
	GlobalSection(ProjectConfigurationPlatforms) = postSolution
		{C3B9F5DA-7325-4B68-AAB7-87BAAE4F0747}.Debug|Any CPU.ActiveCfg = Debug|Any CPU
		{C3B9F5DA-7325-4B68-AAB7-87BAAE4F0747}.Debug|Any CPU.Build.0 = Debug|Any CPU
		{C3B9F5DA-7325-4B68-AAB7-87BAAE4F0747}.Release|Any CPU.ActiveCfg = Release|Any CPU
		{C3B9F5DA-7325-4B68-AAB7-87BAAE4F0747}.Release|Any CPU.Build.0 = Release|Any CPU
	EndGlobalSection
	GlobalSection(SolutionProperties) = preSolution
		HideSolutionNode = FALSE
	EndGlobalSection
	GlobalSection(ExtensibilityGlobals) = postSolution
		SolutionGuid = {944C8D55-9D8E-45C3-893C-F2158FD3E622}
	EndGlobalSection
EndGlobal
